
Microsoft Visual Studio Solution File, Format Version 12.00
# Visual Studio 15
VisualStudioVersion = 15.0.26430.13
MinimumVisualStudioVersion = 10.0.40219.1
Project("{FAE04EC0-301F-11D3-BF4B-00C04F79EFBC}") = "WuZiQi", "WindowsFormsApp1\WuZiQi.csproj", "{96A3689C-A1E0-4A03-BD43-B225E622DF0B}"
EndProject
Project("{FAE04EC0-301F-11D3-BF4B-00C04F79EFBC}") = "GameServer", "GameServer\GameServer.csproj", "{24B2793E-E7B0-44AE-96F3-C81604104449}"
EndProject
Project("{FAE04EC0-301F-11D3-BF4B-00C04F79EFBC}") = "GameClient", "GameClient\GameClient.csproj", "{C3FE032F-B689-481A-8030-F93C0D697E41}"
EndProject
Project("{2150E333-8FDC-42A3-9474-1A3956D46DE8}") = "Server", "Server", "{B6E17717-9EFD-4841-B135-3715E172E50A}"
EndProject
Project("{2150E333-8FDC-42A3-9474-1A3956D46DE8}") = "Client", "Client", "{32C116B7-6DF1-46AD-8928-21091573718F}"
EndProject
Project("{FAE04EC0-301F-11D3-BF4B-00C04F79EFBC}") = "GameAI", "GameAI\GameAI.csproj", "{20D2B4E5-438C-482C-9061-7BCBEE075278}"
EndProject
Project("{FAE04EC0-301F-11D3-BF4B-00C04F79EFBC}") = "TestOCR", "TestOCR\TestOCR.csproj", "{8F2024FB-5062-4C64-B170-BAA2F5732754}"
EndProject
Global
	GlobalSection(SolutionConfigurationPlatforms) = preSolution
		Debug|Any CPU = Debug|Any CPU
		Release|Any CPU = Release|Any CPU
	EndGlobalSection
	GlobalSection(ProjectConfigurationPlatforms) = postSolution
		{96A3689C-A1E0-4A03-BD43-B225E622DF0B}.Debug|Any CPU.ActiveCfg = Debug|Any CPU
		{96A3689C-A1E0-4A03-BD43-B225E622DF0B}.Debug|Any CPU.Build.0 = Debug|Any CPU
		{96A3689C-A1E0-4A03-BD43-B225E622DF0B}.Release|Any CPU.ActiveCfg = Release|Any CPU
		{96A3689C-A1E0-4A03-BD43-B225E622DF0B}.Release|Any CPU.Build.0 = Release|Any CPU
		{24B2793E-E7B0-44AE-96F3-C81604104449}.Debug|Any CPU.ActiveCfg = Debug|Any CPU
		{24B2793E-E7B0-44AE-96F3-C81604104449}.Debug|Any CPU.Build.0 = Debug|Any CPU
		{24B2793E-E7B0-44AE-96F3-C81604104449}.Release|Any CPU.ActiveCfg = Release|Any CPU
		{24B2793E-E7B0-44AE-96F3-C81604104449}.Release|Any CPU.Build.0 = Release|Any CPU
		{C3FE032F-B689-481A-8030-F93C0D697E41}.Debug|Any CPU.ActiveCfg = Debug|Any CPU
		{C3FE032F-B689-481A-8030-F93C0D697E41}.Debug|Any CPU.Build.0 = Debug|Any CPU
		{C3FE032F-B689-481A-8030-F93C0D697E41}.Release|Any CPU.ActiveCfg = Release|Any CPU
		{C3FE032F-B689-481A-8030-F93C0D697E41}.Release|Any CPU.Build.0 = Release|Any CPU
		{20D2B4E5-438C-482C-9061-7BCBEE075278}.Debug|Any CPU.ActiveCfg = Debug|Any CPU
		{20D2B4E5-438C-482C-9061-7BCBEE075278}.Debug|Any CPU.Build.0 = Debug|Any CPU
		{20D2B4E5-438C-482C-9061-7BCBEE075278}.Release|Any CPU.ActiveCfg = Release|Any CPU
		{20D2B4E5-438C-482C-9061-7BCBEE075278}.Release|Any CPU.Build.0 = Release|Any CPU
		{8F2024FB-5062-4C64-B170-BAA2F5732754}.Debug|Any CPU.ActiveCfg = Debug|Any CPU
		{8F2024FB-5062-4C64-B170-BAA2F5732754}.Debug|Any CPU.Build.0 = Debug|Any CPU
		{8F2024FB-5062-4C64-B170-BAA2F5732754}.Release|Any CPU.ActiveCfg = Release|Any CPU
		{8F2024FB-5062-4C64-B170-BAA2F5732754}.Release|Any CPU.Build.0 = Release|Any CPU
	EndGlobalSection
	GlobalSection(SolutionProperties) = preSolution
		HideSolutionNode = FALSE
	EndGlobalSection
	GlobalSection(NestedProjects) = preSolution
		{96A3689C-A1E0-4A03-BD43-B225E622DF0B} = {32C116B7-6DF1-46AD-8928-21091573718F}
		{24B2793E-E7B0-44AE-96F3-C81604104449} = {B6E17717-9EFD-4841-B135-3715E172E50A}
		{C3FE032F-B689-481A-8030-F93C0D697E41} = {32C116B7-6DF1-46AD-8928-21091573718F}
		{20D2B4E5-438C-482C-9061-7BCBEE075278} = {32C116B7-6DF1-46AD-8928-21091573718F}
	EndGlobalSection
EndGlobal
